<?xml version="1.0" encoding="utf-8"?>
<Project ToolsVersion="4.0" xmlns="http://schemas.microsoft.com/developer/msbuild/2003">
  <ItemGroup>
    <Filter Include="Kernel">
      <UniqueIdentifier>{925711ac-82bc-46a9-8c1d-a78c1e9429e6}</UniqueIdentifier>
    </Filter>
    <Filter Include="Core">
      <UniqueIdentifier>{5126ba8e-c162-41ed-ad4a-e4d2401f06dc}</UniqueIdentifier>
    </Filter>
    <Filter Include="Core\OpenAL">
      <UniqueIdentifier>{d7346a9c-f54d-4524-8c6e-0dccb657ccbc}</UniqueIdentifier>
    </Filter>
    <Filter Include="Emitter">
      <UniqueIdentifier>{f29dfe91-e820-4a1c-a3b1-0fac1a8812c5}</UniqueIdentifier>
    </Filter>
    <Filter Include="Source">
      <UniqueIdentifier>{b5eb99a2-2004-4498-84d3-6d1f4825f7d8}</UniqueIdentifier>
    </Filter>
    <Filter Include="Target">
      <UniqueIdentifier>{e4baa4e9-8a7d-4ff8-9a45-abdb68b2aa2c}</UniqueIdentifier>
    </Filter>
    <Filter Include="Environment">
      <UniqueIdentifier>{67282aa2-3cb0-4231-82a6-e57e0e3b3a30}</UniqueIdentifier>
    </Filter>
    <Filter Include="Cache">
      <UniqueIdentifier>{8777a9da-6626-4500-bc6a-ceb39f1a40f6}</UniqueIdentifier>
    </Filter>
    <Filter Include="VoiceChat">
      <UniqueIdentifier>{86f7ae42-8007-4c13-af6c-90dfab28eb4e}</UniqueIdentifier>
    </Filter>
  </ItemGroup>
  <ItemGroup>
    <ClInclude Include="cl_intersect.h">
      <Filter>Kernel</Filter>
    </ClInclude>
    <ClInclude Include="Sound.h">
      <Filter>Kernel</Filter>
    </ClInclude>
    <ClInclude Include="SoundRender.h">
      <Filter>Kernel</Filter>
    </ClInclude>
    <ClInclude Include="stdafx.h">
      <Filter>Kernel</Filter>
    </ClInclude>
    <ClInclude Include="SoundRender_Core.h">
      <Filter>Core</Filter>
    </ClInclude>
    <ClInclude Include="OpenALDeviceList.h">
      <Filter>Core\OpenAL</Filter>
    </ClInclude>
    <ClInclude Include="SoundRender_CoreA.h">
      <Filter>Core\OpenAL</Filter>
    </ClInclude>
    <ClInclude Include="SoundRender_Emitter.h">
      <Filter>Emitter</Filter>
    </ClInclude>
    <ClInclude Include="SoundRender_Source.h">
      <Filter>Source</Filter>
    </ClInclude>
    <ClInclude Include="SoundRender_Target.h">
      <Filter>Target</Filter>
    </ClInclude>
    <ClInclude Include="SoundRender_TargetA.h">
      <Filter>Target</Filter>
    </ClInclude>
    <ClInclude Include="SoundRender_Environment.h">
      <Filter>Environment</Filter>
    </ClInclude>
    <ClInclude Include="SoundRender_Cache.h">
      <Filter>Cache</Filter>
    </ClInclude>
    <ClInclude Include="voicechat\VoicePacket.h">
      <Filter>VoiceChat</Filter>
    </ClInclude>
    <ClInclude Include="voicechat\ISoundRecorder.h">
      <Filter>VoiceChat</Filter>
    </ClInclude>
    <ClInclude Include="voicechat\ISoundVoiceChat.h">
      <Filter>VoiceChat</Filter>
    </ClInclude>
    <ClInclude Include="voicechat\IStreamPlayer.h">
      <Filter>VoiceChat</Filter>
    </ClInclude>
    <ClInclude Include="voicechat\IVoicePacketSender.h">
      <Filter>VoiceChat</Filter>
    </ClInclude>
    <ClInclude Include="voicechat\SpeexPreprocess.h">
      <Filter>VoiceChat</Filter>
    </ClInclude>
    <ClInclude Include="voicechat\VoicePacketsPacker.h">
      <Filter>VoiceChat</Filter>
    </ClInclude>
    <ClInclude Include="voicechat\SoundRecorderA.h">
      <Filter>VoiceChat</Filter>
    </ClInclude>
    <ClInclude Include="voicechat\StreamPlayerA.h">
      <Filter>VoiceChat</Filter>
    </ClInclude>
    <ClInclude Include="voicechat\SoundVoiceChat.h">
      <Filter>VoiceChat</Filter>
    </ClInclude>
  </ItemGroup>
  <ItemGroup>
    <ClCompile Include="guids.cpp">
      <Filter>Kernel</Filter>
    </ClCompile>
    <ClCompile Include="sound.cpp">
      <Filter>Kernel</Filter>
    </ClCompile>
    <ClCompile Include="stdafx.cpp">
      <Filter>Kernel</Filter>
    </ClCompile>
    <ClCompile Include="SoundRender_Core.cpp">
      <Filter>Core</Filter>
    </ClCompile>
    <ClCompile Include="SoundRender_Core_Processor.cpp">
      <Filter>Core</Filter>
    </ClCompile>
    <ClCompile Include="SoundRender_Core_SourceManager.cpp">
      <Filter>Core</Filter>
    </ClCompile>
    <ClCompile Include="SoundRender_Core_StartStop.cpp">
      <Filter>Core</Filter>
    </ClCompile>
    <ClCompile Include="OpenALDeviceList.cpp">
      <Filter>Core\OpenAL</Filter>
    </ClCompile>
    <ClCompile Include="SoundRender_CoreA.cpp">
      <Filter>Core\OpenAL</Filter>
    </ClCompile>
    <ClCompile Include="SoundRender_Emitter.cpp">
      <Filter>Emitter</Filter>
    </ClCompile>
    <ClCompile Include="SoundRender_Emitter_FSM.cpp">
      <Filter>Emitter</Filter>
    </ClCompile>
    <ClCompile Include="SoundRender_Emitter_StartStop.cpp">
      <Filter>Emitter</Filter>
    </ClCompile>
    <ClCompile Include="SoundRender_Emitter_streamer.cpp">
      <Filter>Emitter</Filter>
    </ClCompile>
    <ClCompile Include="SoundRender_Source.cpp">
      <Filter>Source</Filter>
    </ClCompile>
    <ClCompile Include="SoundRender_Source_loader.cpp">
      <Filter>Source</Filter>
    </ClCompile>
    <ClCompile Include="SoundRender_Target.cpp">
      <Filter>Target</Filter>
    </ClCompile>
    <ClCompile Include="SoundRender_TargetA.cpp">
      <Filter>Target</Filter>
    </ClCompile>
    <ClCompile Include="SoundRender_Environment.cpp">
      <Filter>Environment</Filter>
    </ClCompile>
    <ClCompile Include="SoundRender_Cache.cpp">
      <Filter>Cache</Filter>
    </ClCompile>
    <ClCompile Include="voicechat\SpeexPreprocess.cpp">
      <Filter>VoiceChat</Filter>
    </ClCompile>
    <ClCompile Include="voicechat\VoicePacketsPacker.cpp">
      <Filter>VoiceChat</Filter>
    </ClCompile>
    <ClCompile Include="voicechat\SoundRecorderA.cpp">
      <Filter>VoiceChat</Filter>
    </ClCompile>
    <ClCompile Include="voicechat\StreamPlayerA.cpp">
      <Filter>VoiceChat</Filter>
    </ClCompile>
    <ClCompile Include="voicechat\SoundVoiceChat.cpp">
      <Filter>VoiceChat</Filter>
    </ClCompile>
  </ItemGroup>
</Project>