<?xml version="1.0" encoding="utf-8"?>
<Project ToolsVersion="4.0" xmlns="http://schemas.microsoft.com/developer/msbuild/2003">
  <ItemGroup>
    <Filter Include="Kernel">
      <UniqueIdentifier>{9f65a607-a904-497f-9019-699d210dfbf3}</UniqueIdentifier>
    </Filter>
    <Filter Include="Core">
      <UniqueIdentifier>{c9e971de-e0e5-43dc-b401-809a99a1ff48}</UniqueIdentifier>
    </Filter>
    <Filter Include="Core\memory">
      <UniqueIdentifier>{3105d4d4-5def-4c3f-96f4-bef4b53b946d}</UniqueIdentifier>
    </Filter>
    <Filter Include="Details">
      <UniqueIdentifier>{40b5b032-777f-4c82-acb0-c30967613ad7}</UniqueIdentifier>
    </Filter>
    <Filter Include="Stripifier">
      <UniqueIdentifier>{8930950e-b9cf-42eb-b815-2b64e1706dae}</UniqueIdentifier>
    </Filter>
    <Filter Include="Glows">
      <UniqueIdentifier>{2587a2ac-483b-4150-8f42-04d3a2e628eb}</UniqueIdentifier>
    </Filter>
    <Filter Include="Wallmarks">
      <UniqueIdentifier>{6a96f12c-4d83-45e1-b848-e9e419f2d8de}</UniqueIdentifier>
    </Filter>
    <Filter Include="Shading templates">
      <UniqueIdentifier>{6c28291b-2fdf-4181-8ea3-92cde4d5747f}</UniqueIdentifier>
    </Filter>
    <Filter Include="Models">
      <UniqueIdentifier>{00ffd9f1-26db-4a37-9e15-c3eadc0cb1c3}</UniqueIdentifier>
    </Filter>
    <Filter Include="Models\Visuals">
      <UniqueIdentifier>{17212d8e-0108-495b-866c-4f49e8e91196}</UniqueIdentifier>
    </Filter>
    <Filter Include="Visibility">
      <UniqueIdentifier>{4fadbb00-3ed2-41f2-a248-ff2485476098}</UniqueIdentifier>
    </Filter>
    <Filter Include="Visibility\Sector/Portal">
      <UniqueIdentifier>{c1714bf4-8265-44dc-a32a-223cb6b7a748}</UniqueIdentifier>
    </Filter>
    <Filter Include="Visibility\HOM Occlusion">
      <UniqueIdentifier>{529fd817-8888-4198-ad29-a2d36d468522}</UniqueIdentifier>
    </Filter>
    <Filter Include="Lights">
      <UniqueIdentifier>{5e8e3e90-176f-447d-a06c-fb1cbac6a3cf}</UniqueIdentifier>
    </Filter>
    <Filter Include="Interface implementations">
      <UniqueIdentifier>{613f7830-e981-422b-b2ab-c07d7b8834f1}</UniqueIdentifier>
    </Filter>
    <Filter Include="Interface implementations\RenderFactory">
      <UniqueIdentifier>{2f776ab8-b381-48f8-bdab-b4c4946844df}</UniqueIdentifier>
    </Filter>
    <Filter Include="Interface implementations\FactoryPtr">
      <UniqueIdentifier>{a67bc95a-b06f-4979-bbaa-49cf9f55d82f}</UniqueIdentifier>
    </Filter>
    <Filter Include="Interface implementations\RenderDeviceRender">
      <UniqueIdentifier>{25f362b6-9491-4d99-a9ac-50a62d6d04a7}</UniqueIdentifier>
    </Filter>
    <Filter Include="Interface implementations\ApplicationRender">
      <UniqueIdentifier>{dbe491d6-922a-4117-9763-d65d686b0480}</UniqueIdentifier>
    </Filter>
    <Filter Include="Interface implementations\EnvironmentRender">
      <UniqueIdentifier>{f642ef92-0fb5-4a54-b92b-922bab7c4661}</UniqueIdentifier>
    </Filter>
    <Filter Include="Interface implementations\FontRender">
      <UniqueIdentifier>{2ffe3a64-35e6-4afe-ba37-5b207fae7ee6}</UniqueIdentifier>
    </Filter>
    <Filter Include="Interface implementations\LensFlare">
      <UniqueIdentifier>{a94cd75d-d44d-4856-994f-3c9b625cb610}</UniqueIdentifier>
    </Filter>
    <Filter Include="Interface implementations\RainRender">
      <UniqueIdentifier>{4a02466a-f0df-49e5-8be4-d8ba1caec2de}</UniqueIdentifier>
    </Filter>
    <Filter Include="Interface implementations\StatsRender">
      <UniqueIdentifier>{efb40367-05ed-4799-9be2-8a163fe64231}</UniqueIdentifier>
    </Filter>
    <Filter Include="Interface implementations\ThunderboltDescRender">
      <UniqueIdentifier>{b52c162f-9d36-43a3-992e-4691463ac4a3}</UniqueIdentifier>
    </Filter>
    <Filter Include="Interface implementations\ThunderboltRender">
      <UniqueIdentifier>{554fa8db-9ecd-4730-b81c-caa749d9cded}</UniqueIdentifier>
    </Filter>
    <Filter Include="Interface implementations\UI">
      <UniqueIdentifier>{c5ebd247-14c8-4ed0-bdfe-8d7ec15e1830}</UniqueIdentifier>
    </Filter>
    <Filter Include="Interface implementations\UI\UIRender">
      <UniqueIdentifier>{8e8ab7a4-51a3-4c7e-b9bf-e1127d616273}</UniqueIdentifier>
    </Filter>
    <Filter Include="Interface implementations\UI\UIShader">
      <UniqueIdentifier>{9b26b786-b156-48f0-a5ab-def6afe77277}</UniqueIdentifier>
    </Filter>
    <Filter Include="Interface implementations\Debug">
      <UniqueIdentifier>{7de57762-b358-4cdd-b9d7-d5e047abb69f}</UniqueIdentifier>
    </Filter>
    <Filter Include="Interface implementations\UI\UISequenceVideoItem">
      <UniqueIdentifier>{5da9f653-4546-4f65-897b-b19b62729118}</UniqueIdentifier>
    </Filter>
    <Filter Include="Interface implementations\StatGraphRender">
      <UniqueIdentifier>{36aab262-0492-4edd-ad37-1e28619eea3b}</UniqueIdentifier>
    </Filter>
    <Filter Include="Interface implementations\ObjectSpaceRender">
      <UniqueIdentifier>{59a6c33c-27f8-432d-a631-71dd2d57516e}</UniqueIdentifier>
    </Filter>
    <Filter Include="Interface implementations\Debug\DebugRender">
      <UniqueIdentifier>{ec55b95d-3553-419a-899e-de8dac8ce27a}</UniqueIdentifier>
    </Filter>
  </ItemGroup>
  <ItemGroup>
    <ClInclude Include="..\xrRender\cl_intersect.h">
      <Filter>Kernel</Filter>
    </ClInclude>
    <ClInclude Include="stdafx.h">
      <Filter>Kernel</Filter>
    </ClInclude>
    <ClInclude Include="..\xrRender\xrRender_console.h">
      <Filter>Kernel</Filter>
    </ClInclude>
    <ClInclude Include="FStaticRender.h">
      <Filter>Core</Filter>
    </ClInclude>
    <ClInclude Include="FStaticRender_RenderTarget.h">
      <Filter>Core</Filter>
    </ClInclude>
    <ClInclude Include="..\xrRender\PSLibrary.h">
      <Filter>Core</Filter>
    </ClInclude>
    <ClInclude Include="..\xrRender\r__dsgraph_structure.h">
      <Filter>Core</Filter>
    </ClInclude>
    <ClInclude Include="..\xrRender\r__dsgraph_types.h">
      <Filter>Core</Filter>
    </ClInclude>
    <ClInclude Include="..\xrRender\doug_lea_memory_allocator.h">
      <Filter>Core\memory</Filter>
    </ClInclude>
    <ClInclude Include="..\xrRender\DetailFormat.h">
      <Filter>Details</Filter>
    </ClInclude>
    <ClInclude Include="..\xrRender\DetailManager.h">
      <Filter>Details</Filter>
    </ClInclude>
    <ClInclude Include="..\xrRender\DetailModel.h">
      <Filter>Details</Filter>
    </ClInclude>
    <ClInclude Include="..\xrRender\NvTriStrip.h">
      <Filter>Stripifier</Filter>
    </ClInclude>
    <ClInclude Include="..\xrRender\NvTriStripObjects.h">
      <Filter>Stripifier</Filter>
    </ClInclude>
    <ClInclude Include="..\xrRender\VertexCache.h">
      <Filter>Stripifier</Filter>
    </ClInclude>
    <ClInclude Include="..\xrRender\xrStripify.h">
      <Filter>Stripifier</Filter>
    </ClInclude>
    <ClInclude Include="GlowManager.h">
      <Filter>Glows</Filter>
    </ClInclude>
    <ClInclude Include="..\xrRender\WallmarksEngine.h">
      <Filter>Wallmarks</Filter>
    </ClInclude>
    <ClInclude Include="Blender_Blur.h">
      <Filter>Shading templates</Filter>
    </ClInclude>
    <ClInclude Include="..\xrRender\Blender_BmmD.h">
      <Filter>Shading templates</Filter>
    </ClInclude>
    <ClInclude Include="Blender_default_aref.h">
      <Filter>Shading templates</Filter>
    </ClInclude>
    <ClInclude Include="..\xrRender\Blender_detail_still.h">
      <Filter>Shading templates</Filter>
    </ClInclude>
    <ClInclude Include="..\xrRender\Blender_Editor_Selection.h">
      <Filter>Shading templates</Filter>
    </ClInclude>
    <ClInclude Include="..\xrRender\Blender_Editor_Wire.h">
      <Filter>Shading templates</Filter>
    </ClInclude>
    <ClInclude Include="Blender_LaEmB.h">
      <Filter>Shading templates</Filter>
    </ClInclude>
    <ClInclude Include="..\xrRender\Blender_Lm(EbB).h">
      <Filter>Shading templates</Filter>
    </ClInclude>
    <ClInclude Include="Blender_Model.h">
      <Filter>Shading templates</Filter>
    </ClInclude>
    <ClInclude Include="..\xrRender\Blender_Model_EbB.h">
      <Filter>Shading templates</Filter>
    </ClInclude>
    <ClInclude Include="..\xrRender\Blender_Particle.h">
      <Filter>Shading templates</Filter>
    </ClInclude>
    <ClInclude Include="Blender_Screen_GRAY.h">
      <Filter>Shading templates</Filter>
    </ClInclude>
    <ClInclude Include="..\xrRender\Blender_Screen_SET.h">
      <Filter>Shading templates</Filter>
    </ClInclude>
    <ClInclude Include="Blender_Shadow_World.h">
      <Filter>Shading templates</Filter>
    </ClInclude>
    <ClInclude Include="..\xrRender\Blender_tree.h">
      <Filter>Shading templates</Filter>
    </ClInclude>
    <ClInclude Include="Blender_Vertex.h">
      <Filter>Shading templates</Filter>
    </ClInclude>
    <ClInclude Include="Blender_Vertex_aref.h">
      <Filter>Shading templates</Filter>
    </ClInclude>
    <ClInclude Include="BlenderDefault.h">
      <Filter>Shading templates</Filter>
    </ClInclude>
    <ClInclude Include="..\xrRender\ModelPool.h">
      <Filter>Models</Filter>
    </ClInclude>
    <ClInclude Include="..\xrRender\FLOD.h">
      <Filter>Models\Visuals</Filter>
    </ClInclude>
    <ClInclude Include="..\xrRender\FProgressive.h">
      <Filter>Models\Visuals</Filter>
    </ClInclude>
    <ClInclude Include="..\xrRender\FSkinned.h">
      <Filter>Models\Visuals</Filter>
    </ClInclude>
    <ClInclude Include="..\xrRender\FTreeVisual.h">
      <Filter>Models\Visuals</Filter>
    </ClInclude>
    <ClInclude Include="..\xrRender\FVisual.h">
      <Filter>Models\Visuals</Filter>
    </ClInclude>
    <ClInclude Include="..\xrRender\ParticleEffect.h">
      <Filter>Models\Visuals</Filter>
    </ClInclude>
    <ClInclude Include="..\xrRender\ParticleEffectDef.h">
      <Filter>Models\Visuals</Filter>
    </ClInclude>
    <ClInclude Include="..\xrRender\ParticleGroup.h">
      <Filter>Models\Visuals</Filter>
    </ClInclude>
    <ClInclude Include="..\xrRender\r__sector.h">
      <Filter>Visibility\Sector/Portal</Filter>
    </ClInclude>
    <ClInclude Include="..\xrRender\HOM.h">
      <Filter>Visibility\HOM Occlusion</Filter>
    </ClInclude>
    <ClInclude Include="..\xrRender\occRasterizer.h">
      <Filter>Visibility\HOM Occlusion</Filter>
    </ClInclude>
    <ClInclude Include="..\xrRender\light.h">
      <Filter>Lights</Filter>
    </ClInclude>
    <ClInclude Include="..\xrRender\Light_DB.h">
      <Filter>Lights</Filter>
    </ClInclude>
    <ClInclude Include="..\xrRender\Light_Package.h">
      <Filter>Lights</Filter>
    </ClInclude>
    <ClInclude Include="LightPPA.h">
      <Filter>Lights</Filter>
    </ClInclude>
    <ClInclude Include="LightProjector.h">
      <Filter>Lights</Filter>
    </ClInclude>
    <ClInclude Include="LightShadows.h">
      <Filter>Lights</Filter>
    </ClInclude>
    <ClInclude Include="..\xrRender\LightTrack.h">
      <Filter>Lights</Filter>
    </ClInclude>
    <ClInclude Include="..\..\include\xrRender\FactoryPtr.h">
      <Filter>Interface implementations\FactoryPtr</Filter>
    </ClInclude>
    <ClInclude Include="..\..\include\xrRender\RenderFactory.h">
      <Filter>Interface implementations\RenderFactory</Filter>
    </ClInclude>
    <ClInclude Include="..\xrRender\dxRenderFactory.h">
      <Filter>Interface implementations\RenderFactory</Filter>
    </ClInclude>
    <ClInclude Include="..\xrRender\dxRenderDeviceRender.h">
      <Filter>Interface implementations\RenderDeviceRender</Filter>
    </ClInclude>
    <ClInclude Include="..\..\include\xrRender\RenderDeviceRender.h">
      <Filter>Interface implementations\RenderDeviceRender</Filter>
    </ClInclude>
    <ClInclude Include="..\xrRender\dxApplicationRender.h">
      <Filter>Interface implementations\ApplicationRender</Filter>
    </ClInclude>
    <ClInclude Include="..\..\include\xrRender\ApplicationRender.h">
      <Filter>Interface implementations\ApplicationRender</Filter>
    </ClInclude>
    <ClInclude Include="..\..\include\xrRender\EnvironmentRender.h">
      <Filter>Interface implementations\EnvironmentRender</Filter>
    </ClInclude>
    <ClInclude Include="..\xrRender\dxEnvironmentRender.h">
      <Filter>Interface implementations\EnvironmentRender</Filter>
    </ClInclude>
    <ClInclude Include="..\xrRender\dxFontRender.h">
      <Filter>Interface implementations\FontRender</Filter>
    </ClInclude>
    <ClInclude Include="..\..\include\xrRender\FontRender.h">
      <Filter>Interface implementations\FontRender</Filter>
    </ClInclude>
    <ClInclude Include="..\..\include\xrRender\LensFlareRender.h">
      <Filter>Interface implementations\LensFlare</Filter>
    </ClInclude>
    <ClInclude Include="..\xrRender\dxLensFlareRender.h">
      <Filter>Interface implementations\LensFlare</Filter>
    </ClInclude>
    <ClInclude Include="..\xrRender\xrD3DDefs.h">
      <Filter>Kernel</Filter>
    </ClInclude>
    <ClInclude Include="..\xrRender\dxRainRender.h">
      <Filter>Interface implementations\RainRender</Filter>
    </ClInclude>
    <ClInclude Include="..\..\include\xrRender\RainRender.h">
      <Filter>Interface implementations\RainRender</Filter>
    </ClInclude>
    <ClInclude Include="..\..\include\xrRender\StatsRender.h">
      <Filter>Interface implementations\StatsRender</Filter>
    </ClInclude>
    <ClInclude Include="..\xrRender\dxStatsRender.h">
      <Filter>Interface implementations\StatsRender</Filter>
    </ClInclude>
    <ClInclude Include="..\xrRender\dxThunderboltRender.h">
      <Filter>Interface implementations\ThunderboltRender</Filter>
    </ClInclude>
    <ClInclude Include="..\xrRender\dxThunderboltDescRender.h">
      <Filter>Interface implementations\ThunderboltDescRender</Filter>
    </ClInclude>
    <ClInclude Include="..\..\include\xrRender\ThunderboltRender.h">
      <Filter>Interface implementations\ThunderboltRender</Filter>
    </ClInclude>
    <ClInclude Include="..\..\include\xrRender\ThunderboltDescRender.h">
      <Filter>Interface implementations\ThunderboltDescRender</Filter>
    </ClInclude>
    <ClInclude Include="..\..\include\xrRender\UIRender.h">
      <Filter>Interface implementations\UI\UIRender</Filter>
    </ClInclude>
    <ClInclude Include="..\xrRender\dxUIRender.h">
      <Filter>Interface implementations\UI\UIRender</Filter>
    </ClInclude>
    <ClInclude Include="..\xrRender\dxUIShader.h">
      <Filter>Interface implementations\UI\UIShader</Filter>
    </ClInclude>
    <ClInclude Include="..\..\include\xrRender\UIShader.h">
      <Filter>Interface implementations\UI\UIShader</Filter>
    </ClInclude>
    <ClInclude Include="..\..\include\xrRender\DebugShader.h">
      <Filter>Interface implementations\Debug</Filter>
    </ClInclude>
    <ClInclude Include="..\..\include\xrRender\UISequenceVideoItem.h">
      <Filter>Interface implementations\UI\UISequenceVideoItem</Filter>
    </ClInclude>
    <ClInclude Include="..\xrRender\dxUISequenceVideoItem.h">
      <Filter>Interface implementations\UI\UISequenceVideoItem</Filter>
    </ClInclude>
    <ClInclude Include="..\xrRender\dxStatGraphRender.h">
      <Filter>Interface implementations\StatGraphRender</Filter>
    </ClInclude>
    <ClInclude Include="..\..\include\xrRender\StatGraphRender.h">
      <Filter>Interface implementations\StatGraphRender</Filter>
    </ClInclude>
    <ClInclude Include="..\..\include\xrRender\ObjectSpaceRender.h">
      <Filter>Interface implementations\ObjectSpaceRender</Filter>
    </ClInclude>
    <ClInclude Include="..\xrRender\dxObjectSpaceRender.h">
      <Filter>Interface implementations\ObjectSpaceRender</Filter>
    </ClInclude>
    <ClInclude Include="..\xrRender\dxDebugRender.h">
      <Filter>Interface implementations\Debug\DebugRender</Filter>
    </ClInclude>
    <ClInclude Include="..\..\include\xrRender\DebugRender.h">
      <Filter>Interface implementations\Debug\DebugRender</Filter>
    </ClInclude>
  </ItemGroup>
  <ItemGroup>
    <ClCompile Include="stdafx.cpp">
      <Filter>Kernel</Filter>
    </ClCompile>
    <ClCompile Include="..\xrRender\xrRender_console.cpp">
      <Filter>Kernel</Filter>
    </ClCompile>
    <ClCompile Include="xrRender_R1.cpp">
      <Filter>Kernel</Filter>
    </ClCompile>
    <ClCompile Include="FStaticRender.cpp">
      <Filter>Core</Filter>
    </ClCompile>
    <ClCompile Include="FStaticRender_Blenders.cpp">
      <Filter>Core</Filter>
    </ClCompile>
    <ClCompile Include="FStaticRender_DetectSector.cpp">
      <Filter>Core</Filter>
    </ClCompile>
    <ClCompile Include="FStaticRender_Loader.cpp">
      <Filter>Core</Filter>
    </ClCompile>
    <ClCompile Include="FStaticRender_RenderTarget.cpp">
      <Filter>Core</Filter>
    </ClCompile>
    <ClCompile Include="..\xrRender\PSLibrary.cpp">
      <Filter>Core</Filter>
    </ClCompile>
    <ClCompile Include="..\xrRender\r__dsgraph_build.cpp">
      <Filter>Core</Filter>
    </ClCompile>
    <ClCompile Include="..\xrRender\r__dsgraph_render.cpp">
      <Filter>Core</Filter>
    </ClCompile>
    <ClCompile Include="..\xrRender\r__dsgraph_render_lods.cpp">
      <Filter>Core</Filter>
    </ClCompile>
    <ClCompile Include="..\xrRender\r__screenshot.cpp">
      <Filter>Core</Filter>
    </ClCompile>
    <ClCompile Include="..\xrRender\Texture.cpp">
      <Filter>Core</Filter>
    </ClCompile>
    <ClCompile Include="..\xrRender\tga.cpp">
      <Filter>Core</Filter>
    </ClCompile>
    <ClCompile Include="..\xrRender\doug_lea_memory_allocator.c">
      <Filter>Core\memory</Filter>
    </ClCompile>
    <ClCompile Include="..\xrRender\DetailManager.cpp">
      <Filter>Details</Filter>
    </ClCompile>
    <ClCompile Include="..\xrRender\DetailManager_CACHE.cpp">
      <Filter>Details</Filter>
    </ClCompile>
    <ClCompile Include="..\xrRender\DetailManager_Decompress.cpp">
      <Filter>Details</Filter>
    </ClCompile>
    <ClCompile Include="..\xrRender\DetailManager_soft.cpp">
      <Filter>Details</Filter>
    </ClCompile>
    <ClCompile Include="..\xrRender\DetailManager_VS.cpp">
      <Filter>Details</Filter>
    </ClCompile>
    <ClCompile Include="..\xrRender\DetailModel.cpp">
      <Filter>Details</Filter>
    </ClCompile>
    <ClCompile Include="..\xrRender\NvTriStrip.cpp">
      <Filter>Stripifier</Filter>
    </ClCompile>
    <ClCompile Include="..\xrRender\NvTriStripObjects.cpp">
      <Filter>Stripifier</Filter>
    </ClCompile>
    <ClCompile Include="..\xrRender\VertexCache.cpp">
      <Filter>Stripifier</Filter>
    </ClCompile>
    <ClCompile Include="..\xrRender\xrStripify.cpp">
      <Filter>Stripifier</Filter>
    </ClCompile>
    <ClCompile Include="GlowManager.cpp">
      <Filter>Glows</Filter>
    </ClCompile>
    <ClCompile Include="..\xrRender\WallmarksEngine.cpp">
      <Filter>Wallmarks</Filter>
    </ClCompile>
    <ClCompile Include="Blender_Blur.cpp">
      <Filter>Shading templates</Filter>
    </ClCompile>
    <ClCompile Include="..\xrRender\Blender_BmmD.cpp">
      <Filter>Shading templates</Filter>
    </ClCompile>
    <ClCompile Include="Blender_default_aref.cpp">
      <Filter>Shading templates</Filter>
    </ClCompile>
    <ClCompile Include="..\xrRender\Blender_detail_still.cpp">
      <Filter>Shading templates</Filter>
    </ClCompile>
    <ClCompile Include="..\xrRender\Blender_Editor_Selection.cpp">
      <Filter>Shading templates</Filter>
    </ClCompile>
    <ClCompile Include="..\xrRender\Blender_Editor_Wire.cpp">
      <Filter>Shading templates</Filter>
    </ClCompile>
    <ClCompile Include="Blender_LaEmB.cpp">
      <Filter>Shading templates</Filter>
    </ClCompile>
    <ClCompile Include="..\xrRender\Blender_Lm(EbB).cpp">
      <Filter>Shading templates</Filter>
    </ClCompile>
    <ClCompile Include="Blender_Model.cpp">
      <Filter>Shading templates</Filter>
    </ClCompile>
    <ClCompile Include="..\xrRender\Blender_Model_EbB.cpp">
      <Filter>Shading templates</Filter>
    </ClCompile>
    <ClCompile Include="..\xrRender\Blender_Particle.cpp">
      <Filter>Shading templates</Filter>
    </ClCompile>
    <ClCompile Include="Blender_Screen_GRAY.cpp">
      <Filter>Shading templates</Filter>
    </ClCompile>
    <ClCompile Include="..\xrRender\Blender_Screen_SET.cpp">
      <Filter>Shading templates</Filter>
    </ClCompile>
    <ClCompile Include="Blender_Shadow_World.cpp">
      <Filter>Shading templates</Filter>
    </ClCompile>
    <ClCompile Include="..\xrRender\Blender_tree.cpp">
      <Filter>Shading templates</Filter>
    </ClCompile>
    <ClCompile Include="Blender_Vertex.cpp">
      <Filter>Shading templates</Filter>
    </ClCompile>
    <ClCompile Include="Blender_Vertex_aref.cpp">
      <Filter>Shading templates</Filter>
    </ClCompile>
    <ClCompile Include="BlenderDefault.cpp">
      <Filter>Shading templates</Filter>
    </ClCompile>
    <ClCompile Include="..\xrRender\ModelPool.cpp">
      <Filter>Models</Filter>
    </ClCompile>
    <ClCompile Include="..\xrRender\FLOD.cpp">
      <Filter>Models\Visuals</Filter>
    </ClCompile>
    <ClCompile Include="..\xrRender\FProgressive.cpp">
      <Filter>Models\Visuals</Filter>
    </ClCompile>
    <ClCompile Include="..\xrRender\FSkinned.cpp">
      <Filter>Models\Visuals</Filter>
    </ClCompile>
    <ClCompile Include="..\xrRender\FTreeVisual.cpp">
      <Filter>Models\Visuals</Filter>
    </ClCompile>
    <ClCompile Include="..\xrRender\FVisual.cpp">
      <Filter>Models\Visuals</Filter>
    </ClCompile>
    <ClCompile Include="..\xrRender\ParticleEffect.cpp">
      <Filter>Models\Visuals</Filter>
    </ClCompile>
    <ClCompile Include="..\xrRender\ParticleEffectDef.cpp">
      <Filter>Models\Visuals</Filter>
    </ClCompile>
    <ClCompile Include="..\xrRender\ParticleGroup.cpp">
      <Filter>Models\Visuals</Filter>
    </ClCompile>
    <ClCompile Include="..\xrRender\r__sector.cpp">
      <Filter>Visibility\Sector/Portal</Filter>
    </ClCompile>
    <ClCompile Include="..\xrRender\r__sector_traversal.cpp">
      <Filter>Visibility\Sector/Portal</Filter>
    </ClCompile>
    <ClCompile Include="..\xrRender\HOM.cpp">
      <Filter>Visibility\HOM Occlusion</Filter>
    </ClCompile>
    <ClCompile Include="..\xrRender\occRasterizer.cpp">
      <Filter>Visibility\HOM Occlusion</Filter>
    </ClCompile>
    <ClCompile Include="..\xrRender\occRasterizer_core.cpp">
      <Filter>Visibility\HOM Occlusion</Filter>
    </ClCompile>
    <ClCompile Include="..\xrRender\light.cpp">
      <Filter>Lights</Filter>
    </ClCompile>
    <ClCompile Include="..\xrRender\Light_DB.cpp">
      <Filter>Lights</Filter>
    </ClCompile>
    <ClCompile Include="..\xrRender\Light_Package.cpp">
      <Filter>Lights</Filter>
    </ClCompile>
    <ClCompile Include="LightPPA.cpp">
      <Filter>Lights</Filter>
    </ClCompile>
    <ClCompile Include="LightProjector.cpp">
      <Filter>Lights</Filter>
    </ClCompile>
    <ClCompile Include="LightShadows.cpp">
      <Filter>Lights</Filter>
    </ClCompile>
    <ClCompile Include="..\xrRender\LightTrack.cpp">
      <Filter>Lights</Filter>
    </ClCompile>
    <ClCompile Include="..\xrRender\dxRenderFactory.cpp">
      <Filter>Interface implementations\RenderFactory</Filter>
    </ClCompile>
    <ClCompile Include="..\xrRender\dxRenderDeviceRender.cpp">
      <Filter>Interface implementations\RenderDeviceRender</Filter>
    </ClCompile>
    <ClCompile Include="..\xrRender\dxApplicationRender.cpp">
      <Filter>Interface implementations\ApplicationRender</Filter>
    </ClCompile>
    <ClCompile Include="..\xrRender\dxEnvironmentRender.cpp">
      <Filter>Interface implementations\EnvironmentRender</Filter>
    </ClCompile>
    <ClCompile Include="..\xrRender\dxFontRender.cpp">
      <Filter>Interface implementations\FontRender</Filter>
    </ClCompile>
    <ClCompile Include="..\xrRender\dxLensFlareRender.cpp">
      <Filter>Interface implementations\LensFlare</Filter>
    </ClCompile>
    <ClCompile Include="..\xrRender\dxRainRender.cpp">
      <Filter>Interface implementations\RainRender</Filter>
    </ClCompile>
    <ClCompile Include="..\xrRender\dxStatsRender.cpp">
      <Filter>Interface implementations\StatsRender</Filter>
    </ClCompile>
    <ClCompile Include="..\xrRender\dxThunderboltRender.cpp">
      <Filter>Interface implementations\ThunderboltRender</Filter>
    </ClCompile>
    <ClCompile Include="..\xrRender\dxThunderboltDescRender.cpp">
      <Filter>Interface implementations\ThunderboltDescRender</Filter>
    </ClCompile>
    <ClCompile Include="..\xrRender\dxUIRender.cpp">
      <Filter>Interface implementations\UI\UIRender</Filter>
    </ClCompile>
    <ClCompile Include="..\xrRender\dxUIShader.cpp">
      <Filter>Interface implementations\UI\UIShader</Filter>
    </ClCompile>
    <ClCompile Include="..\xrRender\dxUISequenceVideoItem.cpp">
      <Filter>Interface implementations\UI\UISequenceVideoItem</Filter>
    </ClCompile>
    <ClCompile Include="..\xrRender\dxStatGraphRender.cpp">
      <Filter>Interface implementations\StatGraphRender</Filter>
    </ClCompile>
    <ClCompile Include="..\xrRender\dxObjectSpaceRender.cpp">
      <Filter>Interface implementations\ObjectSpaceRender</Filter>
    </ClCompile>
    <ClCompile Include="..\xrRender\dxDebugRender.cpp">
      <Filter>Interface implementations\Debug\DebugRender</Filter>
    </ClCompile>
  </ItemGroup>
  <ItemGroup>
    <Text Include="Pipeline.txt" />
  </ItemGroup>
</Project>