<?xml version="1.0" encoding="utf-8"?>
<Project ToolsVersion="4.0" xmlns="http://schemas.microsoft.com/developer/msbuild/2003">
  <ItemGroup>
    <Filter Include="Statistic">
      <UniqueIdentifier>{8c510a32-46fe-4553-a31d-c2a28d2d5ae4}</UniqueIdentifier>
    </Filter>
    <Filter Include="Base">
      <UniqueIdentifier>{3865a982-c491-48bc-92d3-6f675bd1f849}</UniqueIdentifier>
    </Filter>
  </ItemGroup>
  <ItemGroup>
    <ClCompile Include="Statistic.cpp">
      <Filter>Statistic</Filter>
    </ClCompile>
    <ClCompile Include="Statistic_Load.cpp">
      <Filter>Statistic</Filter>
    </ClCompile>
    <ClCompile Include="Statistic_Save.cpp">
      <Filter>Statistic</Filter>
    </ClCompile>
    <ClCompile Include="DbgOut.cpp">
      <Filter>Base</Filter>
    </ClCompile>
    <ClCompile Include="stdafx.cpp">
      <Filter>Base</Filter>
    </ClCompile>
    <ClCompile Include="xrStatisticConvert.cpp">
      <Filter>Base</Filter>
    </ClCompile>
  </ItemGroup>
  <ItemGroup>
    <ClInclude Include="Statistic.h">
      <Filter>Statistic</Filter>
    </ClInclude>
    <ClInclude Include="Definitions.h">
      <Filter>Base</Filter>
    </ClInclude>
    <ClInclude Include="stdafx.h">
      <Filter>Base</Filter>
    </ClInclude>
  </ItemGroup>
</Project>